
Microsoft Visual Studio Solution File, Format Version 12.00
# Visual Studio Version 17
VisualStudioVersion = 17.11.35312.102
MinimumVisualStudioVersion = 10.0.40219.1
Project("{FAE04EC0-301F-11D3-BF4B-00C04F79EFBC}") = "StudentApp", "StudentApp.csproj", "{09605E47-35C3-4375-A0A3-83D8F2ACA32E}"
EndProject
Global
	GlobalSection(SolutionConfigurationPlatforms) = preSolution
		Debug|Any CPU = Debug|Any CPU
		Release|Any CPU = Release|Any CPU
	EndGlobalSection
	GlobalSection(ProjectConfigurationPlatforms) = postSolution
		{09605E47-35C3-4375-A0A3-83D8F2ACA32E}.Debug|Any CPU.ActiveCfg = Debug|Any CPU
		{09605E47-35C3-4375-A0A3-83D8F2ACA32E}.Debug|Any CPU.Build.0 = Debug|Any CPU
		{09605E47-35C3-4375-A0A3-83D8F2ACA32E}.Release|Any CPU.ActiveCfg = Release|Any CPU
		{09605E47-35C3-4375-A0A3-83D8F2ACA32E}.Release|Any CPU.Build.0 = Release|Any CPU
	EndGlobalSection
	GlobalSection(SolutionProperties) = preSolution
		HideSolutionNode = FALSE
	EndGlobalSection
	GlobalSection(ExtensibilityGlobals) = postSolution
		SolutionGuid = {1286F52F-4720-476E-999B-13DB38512A3A}
	EndGlobalSection
EndGlobal
